
Microsoft Visual Studio Solution File, Format Version 12.00
# Visual Studio Version 17
VisualStudioVersion = 17.10.35122.118
MinimumVisualStudioVersion = 10.0.40219.1
Project("{9A19103F-16F7-4668-BE54-9A1E7A4F7556}") = "Core", "Core\Core.csproj", "{23892004-63E7-4FBB-A461-01933A67FE19}"
EndProject
Project("{9A19103F-16F7-4668-BE54-9A1E7A4F7556}") = "Tests.UI", "Tests\Tests.UI.csproj", "{742F6D28-2168-467E-AD31-5DB88795049B}"
EndProject
Project("{9A19103F-16F7-4668-BE54-9A1E7A4F7556}") = "Services", "Services\Services.csproj", "{C199A573-A9DC-4C81-937F-4368DD4D20C3}"
EndProject
Project("{FAE04EC0-301F-11D3-BF4B-00C04F79EFBC}") = "Services.API", "Services.API\Services.API.csproj", "{7809EA78-0E8A-4691-A583-C5DBF043BA3E}"
EndProject
Project("{FAE04EC0-301F-11D3-BF4B-00C04F79EFBC}") = "Tests.API", "Tests.API\Tests.API.csproj", "{13047F59-A9DB-489B-9951-CE6B32A73A96}"
EndProject
Global
	GlobalSection(SolutionConfigurationPlatforms) = preSolution
		Debug|Any CPU = Debug|Any CPU
		DEV|Any CPU = DEV|Any CPU
		Development|Any CPU = Development|Any CPU
		PROD|Any CPU = PROD|Any CPU
		Release|Any CPU = Release|Any CPU
		STAGING|Any CPU = STAGING|Any CPU
	EndGlobalSection
	GlobalSection(ProjectConfigurationPlatforms) = postSolution
		{23892004-63E7-4FBB-A461-01933A67FE19}.Debug|Any CPU.ActiveCfg = Debug|Any CPU
		{23892004-63E7-4FBB-A461-01933A67FE19}.Debug|Any CPU.Build.0 = Debug|Any CPU
		{23892004-63E7-4FBB-A461-01933A67FE19}.DEV|Any CPU.ActiveCfg = DEV|Any CPU
		{23892004-63E7-4FBB-A461-01933A67FE19}.DEV|Any CPU.Build.0 = DEV|Any CPU
		{23892004-63E7-4FBB-A461-01933A67FE19}.Development|Any CPU.ActiveCfg = Debug|Any CPU
		{23892004-63E7-4FBB-A461-01933A67FE19}.Development|Any CPU.Build.0 = Debug|Any CPU
		{23892004-63E7-4FBB-A461-01933A67FE19}.PROD|Any CPU.ActiveCfg = PROD|Any CPU
		{23892004-63E7-4FBB-A461-01933A67FE19}.PROD|Any CPU.Build.0 = PROD|Any CPU
		{23892004-63E7-4FBB-A461-01933A67FE19}.Release|Any CPU.ActiveCfg = Release|Any CPU
		{23892004-63E7-4FBB-A461-01933A67FE19}.Release|Any CPU.Build.0 = Release|Any CPU
		{23892004-63E7-4FBB-A461-01933A67FE19}.STAGING|Any CPU.ActiveCfg = Release|Any CPU
		{23892004-63E7-4FBB-A461-01933A67FE19}.STAGING|Any CPU.Build.0 = Release|Any CPU
		{742F6D28-2168-467E-AD31-5DB88795049B}.Debug|Any CPU.ActiveCfg = Debug|Any CPU
		{742F6D28-2168-467E-AD31-5DB88795049B}.Debug|Any CPU.Build.0 = Debug|Any CPU
		{742F6D28-2168-467E-AD31-5DB88795049B}.DEV|Any CPU.ActiveCfg = DEV|Any CPU
		{742F6D28-2168-467E-AD31-5DB88795049B}.DEV|Any CPU.Build.0 = DEV|Any CPU
		{742F6D28-2168-467E-AD31-5DB88795049B}.Development|Any CPU.ActiveCfg = Development|Any CPU
		{742F6D28-2168-467E-AD31-5DB88795049B}.Development|Any CPU.Build.0 = Development|Any CPU
		{742F6D28-2168-467E-AD31-5DB88795049B}.PROD|Any CPU.ActiveCfg = PROD|Any CPU
		{742F6D28-2168-467E-AD31-5DB88795049B}.PROD|Any CPU.Build.0 = PROD|Any CPU
		{742F6D28-2168-467E-AD31-5DB88795049B}.Release|Any CPU.ActiveCfg = Release|Any CPU
		{742F6D28-2168-467E-AD31-5DB88795049B}.Release|Any CPU.Build.0 = Release|Any CPU
		{742F6D28-2168-467E-AD31-5DB88795049B}.STAGING|Any CPU.ActiveCfg = STAGING|Any CPU
		{742F6D28-2168-467E-AD31-5DB88795049B}.STAGING|Any CPU.Build.0 = STAGING|Any CPU
		{C199A573-A9DC-4C81-937F-4368DD4D20C3}.Debug|Any CPU.ActiveCfg = Debug|Any CPU
		{C199A573-A9DC-4C81-937F-4368DD4D20C3}.Debug|Any CPU.Build.0 = Debug|Any CPU
		{C199A573-A9DC-4C81-937F-4368DD4D20C3}.DEV|Any CPU.ActiveCfg = DEV|Any CPU
		{C199A573-A9DC-4C81-937F-4368DD4D20C3}.DEV|Any CPU.Build.0 = DEV|Any CPU
		{C199A573-A9DC-4C81-937F-4368DD4D20C3}.Development|Any CPU.ActiveCfg = Development|Any CPU
		{C199A573-A9DC-4C81-937F-4368DD4D20C3}.Development|Any CPU.Build.0 = Development|Any CPU
		{C199A573-A9DC-4C81-937F-4368DD4D20C3}.PROD|Any CPU.ActiveCfg = PROD|Any CPU
		{C199A573-A9DC-4C81-937F-4368DD4D20C3}.PROD|Any CPU.Build.0 = PROD|Any CPU
		{C199A573-A9DC-4C81-937F-4368DD4D20C3}.Release|Any CPU.ActiveCfg = Release|Any CPU
		{C199A573-A9DC-4C81-937F-4368DD4D20C3}.Release|Any CPU.Build.0 = Release|Any CPU
		{C199A573-A9DC-4C81-937F-4368DD4D20C3}.STAGING|Any CPU.ActiveCfg = STAGING|Any CPU
		{C199A573-A9DC-4C81-937F-4368DD4D20C3}.STAGING|Any CPU.Build.0 = STAGING|Any CPU
		{7809EA78-0E8A-4691-A583-C5DBF043BA3E}.Debug|Any CPU.ActiveCfg = Debug|Any CPU
		{7809EA78-0E8A-4691-A583-C5DBF043BA3E}.Debug|Any CPU.Build.0 = Debug|Any CPU
		{7809EA78-0E8A-4691-A583-C5DBF043BA3E}.DEV|Any CPU.ActiveCfg = DEV|Any CPU
		{7809EA78-0E8A-4691-A583-C5DBF043BA3E}.DEV|Any CPU.Build.0 = DEV|Any CPU
		{7809EA78-0E8A-4691-A583-C5DBF043BA3E}.Development|Any CPU.ActiveCfg = Debug|Any CPU
		{7809EA78-0E8A-4691-A583-C5DBF043BA3E}.Development|Any CPU.Build.0 = Debug|Any CPU
		{7809EA78-0E8A-4691-A583-C5DBF043BA3E}.PROD|Any CPU.ActiveCfg = PROD|Any CPU
		{7809EA78-0E8A-4691-A583-C5DBF043BA3E}.PROD|Any CPU.Build.0 = PROD|Any CPU
		{7809EA78-0E8A-4691-A583-C5DBF043BA3E}.Release|Any CPU.ActiveCfg = Release|Any CPU
		{7809EA78-0E8A-4691-A583-C5DBF043BA3E}.Release|Any CPU.Build.0 = Release|Any CPU
		{7809EA78-0E8A-4691-A583-C5DBF043BA3E}.STAGING|Any CPU.ActiveCfg = Debug|Any CPU
		{7809EA78-0E8A-4691-A583-C5DBF043BA3E}.STAGING|Any CPU.Build.0 = Debug|Any CPU
		{13047F59-A9DB-489B-9951-CE6B32A73A96}.Debug|Any CPU.ActiveCfg = Debug|Any CPU
		{13047F59-A9DB-489B-9951-CE6B32A73A96}.Debug|Any CPU.Build.0 = Debug|Any CPU
		{13047F59-A9DB-489B-9951-CE6B32A73A96}.DEV|Any CPU.ActiveCfg = DEV|Any CPU
		{13047F59-A9DB-489B-9951-CE6B32A73A96}.DEV|Any CPU.Build.0 = DEV|Any CPU
		{13047F59-A9DB-489B-9951-CE6B32A73A96}.Development|Any CPU.ActiveCfg = Debug|Any CPU
		{13047F59-A9DB-489B-9951-CE6B32A73A96}.Development|Any CPU.Build.0 = Debug|Any CPU
		{13047F59-A9DB-489B-9951-CE6B32A73A96}.PROD|Any CPU.ActiveCfg = PROD|Any CPU
		{13047F59-A9DB-489B-9951-CE6B32A73A96}.PROD|Any CPU.Build.0 = PROD|Any CPU
		{13047F59-A9DB-489B-9951-CE6B32A73A96}.Release|Any CPU.ActiveCfg = Release|Any CPU
		{13047F59-A9DB-489B-9951-CE6B32A73A96}.Release|Any CPU.Build.0 = Release|Any CPU
		{13047F59-A9DB-489B-9951-CE6B32A73A96}.STAGING|Any CPU.ActiveCfg = Debug|Any CPU
		{13047F59-A9DB-489B-9951-CE6B32A73A96}.STAGING|Any CPU.Build.0 = Debug|Any CPU
	EndGlobalSection
	GlobalSection(SolutionProperties) = preSolution
		HideSolutionNode = FALSE
	EndGlobalSection
	GlobalSection(ExtensibilityGlobals) = postSolution
		SolutionGuid = {C01BFCF2-9BA6-4432-A342-8D2ABAD7DD8F}
	EndGlobalSection
EndGlobal
